
Microsoft Visual Studio Solution File, Format Version 12.00
# Visual Studio Version 16
VisualStudioVersion = 16.0.30503.244
MinimumVisualStudioVersion = 10.0.40219.1
Project("{FAE04EC0-301F-11D3-BF4B-00C04F79EFBC}") = "ChatWS", "ChatWS\ChatWS.csproj", "{CEF28D5C-C86A-4CBD-8BC9-2992B498B2F2}"
EndProject
Project("{FAE04EC0-301F-11D3-BF4B-00C04F79EFBC}") = "ChatWeb", "ChatWeb\ChatWeb.csproj", "{F309A441-8FAB-4648-9261-E63EC1B5471B}"
EndProject
Project("{FAE04EC0-301F-11D3-BF4B-00C04F79EFBC}") = "ChatDesktop", "ChatDesktop\ChatDesktop.csproj", "{565D0131-2768-4582-9BA4-A88D4708AD40}"
EndProject
Project("{FAE04EC0-301F-11D3-BF4B-00C04F79EFBC}") = "UtilitiesChat", "UtilitiesChat\UtilitiesChat.csproj", "{29E5A93A-6543-451F-927C-C0EDA36254CF}"
EndProject
Global
	GlobalSection(SolutionConfigurationPlatforms) = preSolution
		Debug|Any CPU = Debug|Any CPU
		Release|Any CPU = Release|Any CPU
	EndGlobalSection
	GlobalSection(ProjectConfigurationPlatforms) = postSolution
		{CEF28D5C-C86A-4CBD-8BC9-2992B498B2F2}.Debug|Any CPU.ActiveCfg = Debug|Any CPU
		{CEF28D5C-C86A-4CBD-8BC9-2992B498B2F2}.Debug|Any CPU.Build.0 = Debug|Any CPU
		{CEF28D5C-C86A-4CBD-8BC9-2992B498B2F2}.Release|Any CPU.ActiveCfg = Release|Any CPU
		{CEF28D5C-C86A-4CBD-8BC9-2992B498B2F2}.Release|Any CPU.Build.0 = Release|Any CPU
		{F309A441-8FAB-4648-9261-E63EC1B5471B}.Debug|Any CPU.ActiveCfg = Debug|Any CPU
		{F309A441-8FAB-4648-9261-E63EC1B5471B}.Debug|Any CPU.Build.0 = Debug|Any CPU
		{F309A441-8FAB-4648-9261-E63EC1B5471B}.Release|Any CPU.ActiveCfg = Release|Any CPU
		{F309A441-8FAB-4648-9261-E63EC1B5471B}.Release|Any CPU.Build.0 = Release|Any CPU
		{565D0131-2768-4582-9BA4-A88D4708AD40}.Debug|Any CPU.ActiveCfg = Debug|Any CPU
		{565D0131-2768-4582-9BA4-A88D4708AD40}.Debug|Any CPU.Build.0 = Debug|Any CPU
		{565D0131-2768-4582-9BA4-A88D4708AD40}.Release|Any CPU.ActiveCfg = Release|Any CPU
		{565D0131-2768-4582-9BA4-A88D4708AD40}.Release|Any CPU.Build.0 = Release|Any CPU
		{29E5A93A-6543-451F-927C-C0EDA36254CF}.Debug|Any CPU.ActiveCfg = Debug|Any CPU
		{29E5A93A-6543-451F-927C-C0EDA36254CF}.Debug|Any CPU.Build.0 = Debug|Any CPU
		{29E5A93A-6543-451F-927C-C0EDA36254CF}.Release|Any CPU.ActiveCfg = Release|Any CPU
		{29E5A93A-6543-451F-927C-C0EDA36254CF}.Release|Any CPU.Build.0 = Release|Any CPU
	EndGlobalSection
	GlobalSection(SolutionProperties) = preSolution
		HideSolutionNode = FALSE
	EndGlobalSection
	GlobalSection(ExtensibilityGlobals) = postSolution
		SolutionGuid = {AE07BE97-8AAA-4218-B915-C6557CAFCEF7}
	EndGlobalSection
EndGlobal
